
Microsoft Visual Studio Solution File, Format Version 11.00
# Visual Studio 2010
Project("{FAE04EC0-301F-11D3-BF4B-00C04F79EFBC}") = "Otsuka", "Assembly-CSharp.csproj", "{515CFA38-D2CA-24DE-F960-710F8E7DECC6}"
EndProject
Project("{FAE04EC0-301F-11D3-BF4B-00C04F79EFBC}") = "Otsuka", "Assembly-CSharp-Editor.csproj", "{18002493-095E-C21A-A359-7C69C09F9314}"
EndProject
Global
	GlobalSection(SolutionConfigurationPlatforms) = preSolution
		Debug|Any CPU = Debug|Any CPU
		Release|Any CPU = Release|Any CPU
	EndGlobalSection
	GlobalSection(ProjectConfigurationPlatforms) = postSolution
		{515CFA38-D2CA-24DE-F960-710F8E7DECC6}.Debug|Any CPU.ActiveCfg = Debug|Any CPU
		{515CFA38-D2CA-24DE-F960-710F8E7DECC6}.Debug|Any CPU.Build.0 = Debug|Any CPU
		{515CFA38-D2CA-24DE-F960-710F8E7DECC6}.Release|Any CPU.ActiveCfg = Release|Any CPU
		{515CFA38-D2CA-24DE-F960-710F8E7DECC6}.Release|Any CPU.Build.0 = Release|Any CPU
		{18002493-095E-C21A-A359-7C69C09F9314}.Debug|Any CPU.ActiveCfg = Debug|Any CPU
		{18002493-095E-C21A-A359-7C69C09F9314}.Debug|Any CPU.Build.0 = Debug|Any CPU
		{18002493-095E-C21A-A359-7C69C09F9314}.Release|Any CPU.ActiveCfg = Release|Any CPU
		{18002493-095E-C21A-A359-7C69C09F9314}.Release|Any CPU.Build.0 = Release|Any CPU
	EndGlobalSection
	GlobalSection(SolutionProperties) = preSolution
		HideSolutionNode = FALSE
	EndGlobalSection
	GlobalSection(MonoDevelopProperties) = preSolution
		StartupItem = Assembly-CSharp.csproj
	EndGlobalSection
EndGlobal
